{
    "_readme": [
        "This file locks the dependencies of your project to a known state",
        "Read more about it at https://getcomposer.org/doc/01-basic-usage.md#installing-dependencies",
        "This file is @generated automatically"
    ],
    "content-hash": "5293a3c4fd8806b1d6694fb6baebcca5",
    "packages": [
        {
            "name": "zohocrm/php-sdk",
            "version": "1.0.3",
            "source": {
                "type": "git",
                "url": "https://github.com/zoho/zcrm-php-sdk.git",
                "reference": "0885cd47d36272b02d386952a833a75623112c4c"
            },
            "dist": {
                "type": "zip",
                "url": "https://api.github.com/repos/zoho/zcrm-php-sdk/zipball/0885cd47d36272b02d386952a833a75623112c4c",
                "reference": "0885cd47d36272b02d386952a833a75623112c4c",
                "shasum": ""
            },
            "require": {
                "php": ">=5.6"
            },
            "require-dev": {
                "phpunit/phpunit": ">=5.7"
            },
            "type": "sdk",
            "autoload": {
                "psr-4": {
                    "": "src"
                },
                "files": [
                    "src/index.php"
                ]
            },
            "notification-url": "https://packagist.org/downloads/",
            "authors": [
                {
                    "name": "Zoho CRM API Team",
                    "email": "support@zohocrm.com",
                    "homepage": "https://www.zoho.com/crm/help/customer-support.html",
                    "role": "Developer"
                }
            ],
            "description": "Zoho CRM API SDK for PHP",
            "homepage": "https://github.com/zoho/zcrm-php-sdk",
            "time": "2018-06-04T11:41:45+00:00"
        },
        {
            "name": "zohocrm/php-sdk-8.0",
            "version": "2.0.0",
            "source": {
                "type": "git",
                "url": "https://github.com/zoho/zohocrm-php-sdk-8.0.git",
                "reference": "a889a824028794d504d38c21fd8150ccc5375c48"
            },
            "dist": {
                "type": "zip",
                "url": "https://api.github.com/repos/zoho/zohocrm-php-sdk-8.0/zipball/a889a824028794d504d38c21fd8150ccc5375c48",
                "reference": "a889a824028794d504d38c21fd8150ccc5375c48",
                "shasum": ""
            },
            "require": {
                "ext-curl": "*",
                "ext-json": "*",
                "php": ">=7.1"
            },
            "require-dev": {
                "phpunit/phpunit": ">=5.7"
            },
            "type": "sdk",
            "autoload": {
                "psr-4": {
                    "": "src/"
                }
            },
            "notification-url": "https://packagist.org/downloads/",
            "license": [
                "Apache-2.0"
            ],
            "authors": [
                {
                    "name": "Zoho CRM API Team",
                    "email": "support@zohocrm.com",
                    "homepage": "https://www.zoho.com/crm/help/customer-support.html",
                    "role": "Developer"
                }
            ],
            "description": "Zoho CRM API SDK for PHP",
            "homepage": "https://github.com/zoho/zohocrm-php-sdk-8.0",
            "support": {
                "source": "https://github.com/zoho/zohocrm-php-sdk-8.0/tree/2.0.0"
            },
            "time": "2025-03-12T12:20:03+00:00"
        }
    ],
    "packages-dev": [],
    "aliases": [],
    "minimum-stability": "stable",
    "stability-flags": {},
    "prefer-stable": false,
    "prefer-lowest": false,
    "platform": {},
    "platform-dev": {},
    "platform-overrides": {
        "php": "7.4"
    },
    "plugin-api-version": "2.6.0"
}
